
Microsoft Visual Studio Solution File, Format Version 12.00
# Visual Studio Version 17
VisualStudioVersion = 17.10.35122.118
MinimumVisualStudioVersion = 10.0.40219.1
Project("{2150E333-8FDC-42A3-9474-1A3956D46DE8}") = "Ejercicio1", "Ejercicio1", "{74C207CD-B7B3-4B8E-B623-CB53C5DD1DD9}"
EndProject
Project("{9A19103F-16F7-4668-BE54-9A1E7A4F7556}") = "Ejercicio1.Consola", "..\Ejercicio1.Consola\Ejercicio1.Consola.csproj", "{C4B9363A-BF11-4D6B-BEF2-9411A800EF84}"
EndProject
Project("{2150E333-8FDC-42A3-9474-1A3956D46DE8}") = "Ejercicio2", "Ejercicio2", "{E570E59A-8AC4-4C14-BF69-48027967C73A}"
EndProject
Project("{9A19103F-16F7-4668-BE54-9A1E7A4F7556}") = "Ejercicio2", "..\Ejercicio2\Ejercicio2.csproj", "{23B20A6F-F817-47DF-85FA-745138C549F3}"
EndProject
Project("{2150E333-8FDC-42A3-9474-1A3956D46DE8}") = "Ejercicio3", "Ejercicio3", "{E37084C6-D7CF-4822-9C51-426B7595624F}"
EndProject
Project("{FAE04EC0-301F-11D3-BF4B-00C04F79EFBC}") = "Ejercicio3", "Ejercicio3\Ejercicio3.csproj", "{EA75BF86-D053-4784-83FF-E45FE86AC7F0}"
EndProject
Project("{FAE04EC0-301F-11D3-BF4B-00C04F79EFBC}") = "Entidades", "Entidades\Entidades.csproj", "{5E44195A-1A63-48F7-8559-5B4B04CDF491}"
EndProject
Global
	GlobalSection(SolutionConfigurationPlatforms) = preSolution
		Debug|Any CPU = Debug|Any CPU
		Release|Any CPU = Release|Any CPU
	EndGlobalSection
	GlobalSection(ProjectConfigurationPlatforms) = postSolution
		{C4B9363A-BF11-4D6B-BEF2-9411A800EF84}.Debug|Any CPU.ActiveCfg = Debug|Any CPU
		{C4B9363A-BF11-4D6B-BEF2-9411A800EF84}.Debug|Any CPU.Build.0 = Debug|Any CPU
		{C4B9363A-BF11-4D6B-BEF2-9411A800EF84}.Release|Any CPU.ActiveCfg = Release|Any CPU
		{C4B9363A-BF11-4D6B-BEF2-9411A800EF84}.Release|Any CPU.Build.0 = Release|Any CPU
		{23B20A6F-F817-47DF-85FA-745138C549F3}.Debug|Any CPU.ActiveCfg = Debug|Any CPU
		{23B20A6F-F817-47DF-85FA-745138C549F3}.Debug|Any CPU.Build.0 = Debug|Any CPU
		{23B20A6F-F817-47DF-85FA-745138C549F3}.Release|Any CPU.ActiveCfg = Release|Any CPU
		{23B20A6F-F817-47DF-85FA-745138C549F3}.Release|Any CPU.Build.0 = Release|Any CPU
		{EA75BF86-D053-4784-83FF-E45FE86AC7F0}.Debug|Any CPU.ActiveCfg = Debug|Any CPU
		{EA75BF86-D053-4784-83FF-E45FE86AC7F0}.Debug|Any CPU.Build.0 = Debug|Any CPU
		{EA75BF86-D053-4784-83FF-E45FE86AC7F0}.Release|Any CPU.ActiveCfg = Release|Any CPU
		{EA75BF86-D053-4784-83FF-E45FE86AC7F0}.Release|Any CPU.Build.0 = Release|Any CPU
		{5E44195A-1A63-48F7-8559-5B4B04CDF491}.Debug|Any CPU.ActiveCfg = Debug|Any CPU
		{5E44195A-1A63-48F7-8559-5B4B04CDF491}.Debug|Any CPU.Build.0 = Debug|Any CPU
		{5E44195A-1A63-48F7-8559-5B4B04CDF491}.Release|Any CPU.ActiveCfg = Release|Any CPU
		{5E44195A-1A63-48F7-8559-5B4B04CDF491}.Release|Any CPU.Build.0 = Release|Any CPU
	EndGlobalSection
	GlobalSection(SolutionProperties) = preSolution
		HideSolutionNode = FALSE
	EndGlobalSection
	GlobalSection(NestedProjects) = preSolution
		{C4B9363A-BF11-4D6B-BEF2-9411A800EF84} = {74C207CD-B7B3-4B8E-B623-CB53C5DD1DD9}
		{23B20A6F-F817-47DF-85FA-745138C549F3} = {E570E59A-8AC4-4C14-BF69-48027967C73A}
		{EA75BF86-D053-4784-83FF-E45FE86AC7F0} = {E37084C6-D7CF-4822-9C51-426B7595624F}
		{5E44195A-1A63-48F7-8559-5B4B04CDF491} = {E37084C6-D7CF-4822-9C51-426B7595624F}
	EndGlobalSection
	GlobalSection(ExtensibilityGlobals) = postSolution
		SolutionGuid = {389BE2E1-B111-4E48-8F25-C10F5DF31481}
	EndGlobalSection
EndGlobal
